
Microsoft Visual Studio Solution File, Format Version 12.00
# Visual Studio Version 17
VisualStudioVersion = 17.6.33723.286
MinimumVisualStudioVersion = 10.0.40219.1
Project("{FAE04EC0-301F-11D3-BF4B-00C04F79EFBC}") = "APITarefas", "APITarefas\APITarefas.csproj", "{DE5AB675-6113-4AB8-AE02-9B7A15AEB89C}"
EndProject
Global
	GlobalSection(SolutionConfigurationPlatforms) = preSolution
		Debug|Any CPU = Debug|Any CPU
		Release|Any CPU = Release|Any CPU
	EndGlobalSection
	GlobalSection(ProjectConfigurationPlatforms) = postSolution
		{DE5AB675-6113-4AB8-AE02-9B7A15AEB89C}.Debug|Any CPU.ActiveCfg = Debug|Any CPU
		{DE5AB675-6113-4AB8-AE02-9B7A15AEB89C}.Debug|Any CPU.Build.0 = Debug|Any CPU
		{DE5AB675-6113-4AB8-AE02-9B7A15AEB89C}.Release|Any CPU.ActiveCfg = Release|Any CPU
		{DE5AB675-6113-4AB8-AE02-9B7A15AEB89C}.Release|Any CPU.Build.0 = Release|Any CPU
	EndGlobalSection
	GlobalSection(SolutionProperties) = preSolution
		HideSolutionNode = FALSE
	EndGlobalSection
	GlobalSection(ExtensibilityGlobals) = postSolution
		SolutionGuid = {347F19E3-0B03-4D94-8D54-9CE77D9E8AD6}
	EndGlobalSection
EndGlobal
